// !$*UTF8*$!
{
	archiveVersion = 1;
	classes = {
	};
	objectVersion = 56;
	objects = {

/* Begin PBXBuildFile section */
		DE1563F529D7636F00C0DA1F /* AppDelegate.swift in Sources */ = {isa = PBXBuildFile; fileRef = DE1563F429D7636F00C0DA1F /* AppDelegate.swift */; };
		DE1563F729D7636F00C0DA1F /* SceneDelegate.swift in Sources */ = {isa = PBXBuildFile; fileRef = DE1563F629D7636F00C0DA1F /* SceneDelegate.swift */; };
		DE1563F929D7636F00C0DA1F /* RecorderViewController.swift in Sources */ = {isa = PBXBuildFile; fileRef = DE1563F829D7636F00C0DA1F /* RecorderViewController.swift */; };
		DE1563FC29D7636F00C0DA1F /* Main.storyboard in Resources */ = {isa = PBXBuildFile; fileRef = DE1563FA29D7636F00C0DA1F /* Main.storyboard */; };
		DE1563FE29D7637000C0DA1F /* Assets.xcassets in Resources */ = {isa = PBXBuildFile; fileRef = DE1563FD29D7637000C0DA1F /* Assets.xcassets */; };
		DE15640129D7637000C0DA1F /* LaunchScreen.storyboard in Resources */ = {isa = PBXBuildFile; fileRef = DE1563FF29D7637000C0DA1F /* LaunchScreen.storyboard */; };
		DE6B1C3F29E0884F00D34877 /* ModulatorBrain.swift in Sources */ = {isa = PBXBuildFile; fileRef = DE6B1C3E29E0884F00D34877 /* ModulatorBrain.swift */; };
		DE73B06B29DF7BC500D2F369 /* RecorderBrain.swift in Sources */ = {isa = PBXBuildFile; fileRef = DE73B06A29DF7BC500D2F369 /* RecorderBrain.swift */; };
		DE9A4BC429D78D2300DCD138 /* ModulatorViewController.swift in Sources */ = {isa = PBXBuildFile; fileRef = DE9A4BC329D78D2300DCD138 /* ModulatorViewController.swift */; };
		DE9A4BC629D79E3F00DCD138 /* K.swift in Sources */ = {isa = PBXBuildFile; fileRef = DE9A4BC529D79E3F00DCD138 /* K.swift */; };
/* End PBXBuildFile section */

/* Begin PBXFileReference section */
		DE1563F129D7636F00C0DA1F /* Pitch-Perfect-iOS13.app */ = {isa = PBXFileReference; explicitFileType = wrapper.application; includeInIndex = 0; path = "Pitch-Perfect-iOS13.app"; sourceTree = BUILT_PRODUCTS_DIR; };
		DE1563F429D7636F00C0DA1F /* AppDelegate.swift */ = {isa = PBXFileReference; lastKnownFileType = sourcecode.swift; path = AppDelegate.swift; sourceTree = "<group>"; };
		DE1563F629D7636F00C0DA1F /* SceneDelegate.swift */ = {isa = PBXFileReference; lastKnownFileType = sourcecode.swift; path = SceneDelegate.swift; sourceTree = "<group>"; };
		DE1563F829D7636F00C0DA1F /* RecorderViewController.swift */ = {isa = PBXFileReference; lastKnownFileType = sourcecode.swift; path = RecorderViewController.swift; sourceTree = "<group>"; };
		DE1563FB29D7636F00C0DA1F /* Base */ = {isa = PBXFileReference; lastKnownFileType = file.storyboard; name = Base; path = Base.lproj/Main.storyboard; sourceTree = "<group>"; };
		DE1563FD29D7637000C0DA1F /* Assets.xcassets */ = {isa = PBXFileReference; lastKnownFileType = folder.assetcatalog; path = Assets.xcassets; sourceTree = "<group>"; };
		DE15640029D7637000C0DA1F /* Base */ = {isa = PBXFileReference; lastKnownFileType = file.storyboard; name = Base; path = Base.lproj/LaunchScreen.storyboard; sourceTree = "<group>"; };
		DE15640229D7637000C0DA1F /* Info.plist */ = {isa = PBXFileReference; lastKnownFileType = text.plist.xml; path = Info.plist; sourceTree = "<group>"; };
		DE6B1C3E29E0884F00D34877 /* ModulatorBrain.swift */ = {isa = PBXFileReference; lastKnownFileType = sourcecode.swift; path = ModulatorBrain.swift; sourceTree = "<group>"; };
		DE73B06A29DF7BC500D2F369 /* RecorderBrain.swift */ = {isa = PBXFileReference; lastKnownFileType = sourcecode.swift; path = RecorderBrain.swift; sourceTree = "<group>"; };
		DE9A4BC329D78D2300DCD138 /* ModulatorViewController.swift */ = {isa = PBXFileReference; lastKnownFileType = sourcecode.swift; path = ModulatorViewController.swift; sourceTree = "<group>"; };
		DE9A4BC529D79E3F00DCD138 /* K.swift */ = {isa = PBXFileReference; lastKnownFileType = sourcecode.swift; path = K.swift; sourceTree = "<group>"; };
/* End PBXFileReference section */

/* Begin PBXFrameworksBuildPhase section */
		DE1563EE29D7636F00C0DA1F /* Frameworks */ = {
			isa = PBXFrameworksBuildPhase;
			buildActionMask = 2147483647;
			files = (
			);
			runOnlyForDeploymentPostprocessing = 0;
		};
/* End PBXFrameworksBuildPhase section */

/* Begin PBXGroup section */
		DE1563E829D7636F00C0DA1F = {
			isa = PBXGroup;
			children = (
				DE1563F329D7636F00C0DA1F /* Pitch-Perfect-iOS13 */,
				DE1563F229D7636F00C0DA1F /* Products */,
			);
			sourceTree = "<group>";
		};
		DE1563F229D7636F00C0DA1F /* Products */ = {
			isa = PBXGroup;
			children = (
				DE1563F129D7636F00C0DA1F /* Pitch-Perfect-iOS13.app */,
			);
			name = Products;
			sourceTree = "<group>";
		};
		DE1563F329D7636F00C0DA1F /* Pitch-Perfect-iOS13 */ = {
			isa = PBXGroup;
			children = (
				DE1563F429D7636F00C0DA1F /* AppDelegate.swift */,
				DE1563F629D7636F00C0DA1F /* SceneDelegate.swift */,
				DE9A4BC929D7A77800DCD138 /* Model */,
				DE20C2A229D7688A00390EC0 /* Controllers */,
				DE20C2A329D7689B00390EC0 /* Views */,
				DE1563FD29D7637000C0DA1F /* Assets.xcassets */,
				DE1563FF29D7637000C0DA1F /* LaunchScreen.storyboard */,
				DE15640229D7637000C0DA1F /* Info.plist */,
				DE9A4BC529D79E3F00DCD138 /* K.swift */,
			);
			path = "Pitch-Perfect-iOS13";
			sourceTree = "<group>";
		};
		DE20C2A229D7688A00390EC0 /* Controllers */ = {
			isa = PBXGroup;
			children = (
				DE1563F829D7636F00C0DA1F /* RecorderViewController.swift */,
				DE9A4BC329D78D2300DCD138 /* ModulatorViewController.swift */,
			);
			path = Controllers;
			sourceTree = "<group>";
		};
		DE20C2A329D7689B00390EC0 /* Views */ = {
			isa = PBXGroup;
			children = (
				DE1563FA29D7636F00C0DA1F /* Main.storyboard */,
			);
			path = Views;
			sourceTree = "<group>";
		};
		DE9A4BC929D7A77800DCD138 /* Model */ = {
			isa = PBXGroup;
			children = (
				DE73B06A29DF7BC500D2F369 /* RecorderBrain.swift */,
				DE6B1C3E29E0884F00D34877 /* ModulatorBrain.swift */,
			);
			path = Model;
			sourceTree = "<group>";
		};
/* End PBXGroup section */

/* Begin PBXNativeTarget section */
		DE1563F029D7636F00C0DA1F /* Pitch-Perfect-iOS13 */ = {
			isa = PBXNativeTarget;
			buildConfigurationList = DE15640529D7637000C0DA1F /* Build configuration list for PBXNativeTarget "Pitch-Perfect-iOS13" */;
			buildPhases = (
				DE1563ED29D7636F00C0DA1F /* Sources */,
				DE1563EE29D7636F00C0DA1F /* Frameworks */,
				DE1563EF29D7636F00C0DA1F /* Resources */,
			);
			buildRules = (
			);
			dependencies = (
			);
			name = "Pitch-Perfect-iOS13";
			productName = "Pitch-Perfect-iOS13";
			productReference = DE1563F129D7636F00C0DA1F /* Pitch-Perfect-iOS13.app */;
			productType = "com.apple.product-type.application";
		};
/* End PBXNativeTarget section */

/* Begin PBXProject section */
		DE1563E929D7636F00C0DA1F /* Project object */ = {
			isa = PBXProject;
			attributes = {
				BuildIndependentTargetsInParallel = 1;
				LastSwiftUpdateCheck = 1430;
				LastUpgradeCheck = 1430;
				TargetAttributes = {
					DE1563F029D7636F00C0DA1F = {
						CreatedOnToolsVersion = 14.3;
					};
				};
			};
			buildConfigurationList = DE1563EC29D7636F00C0DA1F /* Build configuration list for PBXProject "Pitch-Perfect-iOS13" */;
			compatibilityVersion = "Xcode 14.0";
			developmentRegion = en;
			hasScannedForEncodings = 0;
			knownRegions = (
				en,
				Base,
			);
			mainGroup = DE1563E829D7636F00C0DA1F;
			productRefGroup = DE1563F229D7636F00C0DA1F /* Products */;
			projectDirPath = "";
			projectRoot = "";
			targets = (
				DE1563F029D7636F00C0DA1F /* Pitch-Perfect-iOS13 */,
			);
		};
/* End PBXProject section */

/* Begin PBXResourcesBuildPhase section */
		DE1563EF29D7636F00C0DA1F /* Resources */ = {
			isa = PBXResourcesBuildPhase;
			buildActionMask = 2147483647;
			files = (
				DE15640129D7637000C0DA1F /* LaunchScreen.storyboard in Resources */,
				DE1563FE29D7637000C0DA1F /* Assets.xcassets in Resources */,
				DE1563FC29D7636F00C0DA1F /* Main.storyboard in Resources */,
			);
			runOnlyForDeploymentPostprocessing = 0;
		};
/* End PBXResourcesBuildPhase section */

/* Begin PBXSourcesBuildPhase section */
		DE1563ED29D7636F00C0DA1F /* Sources */ = {
			isa = PBXSourcesBuildPhase;
			buildActionMask = 2147483647;
			files = (
				DE73B06B29DF7BC500D2F369 /* RecorderBrain.swift in Sources */,
				DE6B1C3F29E0884F00D34877 /* ModulatorBrain.swift in Sources */,
				DE1563F929D7636F00C0DA1F /* RecorderViewController.swift in Sources */,
				DE9A4BC629D79E3F00DCD138 /* K.swift in Sources */,
				DE1563F529D7636F00C0DA1F /* AppDelegate.swift in Sources */,
				DE9A4BC429D78D2300DCD138 /* ModulatorViewController.swift in Sources */,
				DE1563F729D7636F00C0DA1F /* SceneDelegate.swift in Sources */,
			);
			runOnlyForDeploymentPostprocessing = 0;
		};
/* End PBXSourcesBuildPhase section */

/* Begin PBXVariantGroup section */
		DE1563FA29D7636F00C0DA1F /* Main.storyboard */ = {
			isa = PBXVariantGroup;
			children = (
				DE1563FB29D7636F00C0DA1F /* Base */,
			);
			name = Main.storyboard;
			sourceTree = "<group>";
		};
		DE1563FF29D7637000C0DA1F /* LaunchScreen.storyboard */ = {
			isa = PBXVariantGroup;
			children = (
				DE15640029D7637000C0DA1F /* Base */,
			);
			name = LaunchScreen.storyboard;
			sourceTree = "<group>";
		};
/* End PBXVariantGroup section */

/* Begin XCBuildConfiguration section */
		DE15640329D7637000C0DA1F /* Debug */ = {
			isa = XCBuildConfiguration;
			buildSettings = {
				ALWAYS_SEARCH_USER_PATHS = NO;
				CLANG_ANALYZER_NONNULL = YES;
				CLANG_ANALYZER_NUMBER_OBJECT_CONVERSION = YES_AGGRESSIVE;
				CLANG_CXX_LANGUAGE_STANDARD = "gnu++20";
				CLANG_ENABLE_MODULES = YES;
				CLANG_ENABLE_OBJC_ARC = YES;
				CLANG_ENABLE_OBJC_WEAK = YES;
				CLANG_WARN_BLOCK_CAPTURE_AUTORELEASING = YES;
				CLANG_WARN_BOOL_CONVERSION = YES;
				CLANG_WARN_COMMA = YES;
				CLANG_WARN_CONSTANT_CONVERSION = YES;
				CLANG_WARN_DEPRECATED_OBJC_IMPLEMENTATIONS = YES;
				CLANG_WARN_DIRECT_OBJC_ISA_USAGE = YES_ERROR;
				CLANG_WARN_DOCUMENTATION_COMMENTS = YES;
				CLANG_WARN_EMPTY_BODY = YES;
				CLANG_WARN_ENUM_CONVERSION = YES;
				CLANG_WARN_INFINITE_RECURSION = YES;
				CLANG_WARN_INT_CONVERSION = YES;
				CLANG_WARN_NON_LITERAL_NULL_CONVERSION = YES;
				CLANG_WARN_OBJC_IMPLICIT_RETAIN_SELF = YES;
				CLANG_WARN_OBJC_LITERAL_CONVERSION = YES;
				CLANG_WARN_OBJC_ROOT_CLASS = YES_ERROR;
				CLANG_WARN_QUOTED_INCLUDE_IN_FRAMEWORK_HEADER = YES;
				CLANG_WARN_RANGE_LOOP_ANALYSIS = YES;
				CLANG_WARN_STRICT_PROTOTYPES = YES;
				CLANG_WARN_SUSPICIOUS_MOVE = YES;
				CLANG_WARN_UNGUARDED_AVAILABILITY = YES_AGGRESSIVE;
				CLANG_WARN_UNREACHABLE_CODE = YES;
				CLANG_WARN__DUPLICATE_METHOD_MATCH = YES;
				COPY_PHASE_STRIP = NO;
				DEBUG_INFORMATION_FORMAT = dwarf;
				ENABLE_STRICT_OBJC_MSGSEND = YES;
				ENABLE_TESTABILITY = YES;
				GCC_C_LANGUAGE_STANDARD = gnu11;
				GCC_DYNAMIC_NO_PIC = NO;
				GCC_NO_COMMON_BLOCKS = YES;
				GCC_OPTIMIZATION_LEVEL = 0;
				GCC_PREPROCESSOR_DEFINITIONS = (
					"DEBUG=1",
					"$(inherited)",
				);
				GCC_WARN_64_TO_32_BIT_CONVERSION = YES;
				GCC_WARN_ABOUT_RETURN_TYPE = YES_ERROR;
				GCC_WARN_UNDECLARED_SELECTOR = YES;
				GCC_WARN_UNINITIALIZED_AUTOS = YES_AGGRESSIVE;
				GCC_WARN_UNUSED_FUNCTION = YES;
				GCC_WARN_UNUSED_VARIABLE = YES;
				IPHONEOS_DEPLOYMENT_TARGET = 16.4;
				MTL_ENABLE_DEBUG_INFO = INCLUDE_SOURCE;
				MTL_FAST_MATH = YES;
				ONLY_ACTIVE_ARCH = YES;
				SDKROOT = iphoneos;
				SWIFT_ACTIVE_COMPILATION_CONDITIONS = DEBUG;
				SWIFT_OPTIMIZATION_LEVEL = "-Onone";
			};
			name = Debug;
		};
		DE15640429D7637000C0DA1F /* Release */ = {
			isa = XCBuildConfiguration;
			buildSettings = {
				ALWAYS_SEARCH_USER_PATHS = NO;
				CLANG_ANALYZER_NONNULL = YES;
				CLANG_ANALYZER_NUMBER_OBJECT_CONVERSION = YES_AGGRESSIVE;
				CLANG_CXX_LANGUAGE_STANDARD = "gnu++20";
				CLANG_ENABLE_MODULES = YES;
				CLANG_ENABLE_OBJC_ARC = YES;
				CLANG_ENABLE_OBJC_WEAK = YES;
				CLANG_WARN_BLOCK_CAPTURE_AUTORELEASING = YES;
				CLANG_WARN_BOOL_CONVERSION = YES;
				CLANG_WARN_COMMA = YES;
				CLANG_WARN_CONSTANT_CONVERSION = YES;
				CLANG_WARN_DEPRECATED_OBJC_IMPLEMENTATIONS = YES;
				CLANG_WARN_DIRECT_OBJC_ISA_USAGE = YES_ERROR;
				CLANG_WARN_DOCUMENTATION_COMMENTS = YES;
				CLANG_WARN_EMPTY_BODY = YES;
				CLANG_WARN_ENUM_CONVERSION = YES;
				CLANG_WARN_INFINITE_RECURSION = YES;
				CLANG_WARN_INT_CONVERSION = YES;
				CLANG_WARN_NON_LITERAL_NULL_CONVERSION = YES;
				CLANG_WARN_OBJC_IMPLICIT_RETAIN_SELF = YES;
				CLANG_WARN_OBJC_LITERAL_CONVERSION = YES;
				CLANG_WARN_OBJC_ROOT_CLASS = YES_ERROR;
				CLANG_WARN_QUOTED_INCLUDE_IN_FRAMEWORK_HEADER = YES;
				CLANG_WARN_RANGE_LOOP_ANALYSIS = YES;
				CLANG_WARN_STRICT_PROTOTYPES = YES;
				CLANG_WARN_SUSPICIOUS_MOVE = YES;
				CLANG_WARN_UNGUARDED_AVAILABILITY = YES_AGGRESSIVE;
				CLANG_WARN_UNREACHABLE_CODE = YES;
				CLANG_WARN__DUPLICATE_METHOD_MATCH = YES;
				COPY_PHASE_STRIP = NO;
				DEBUG_INFORMATION_FORMAT = "dwarf-with-dsym";
				ENABLE_NS_ASSERTIONS = NO;
				ENABLE_STRICT_OBJC_MSGSEND = YES;
				GCC_C_LANGUAGE_STANDARD = gnu11;
				GCC_NO_COMMON_BLOCKS = YES;
				GCC_WARN_64_TO_32_BIT_CONVERSION = YES;
				GCC_WARN_ABOUT_RETURN_TYPE = YES_ERROR;
				GCC_WARN_UNDECLARED_SELECTOR = YES;
				GCC_WARN_UNINITIALIZED_AUTOS = YES_AGGRESSIVE;
				GCC_WARN_UNUSED_FUNCTION = YES;
				GCC_WARN_UNUSED_VARIABLE = YES;
				IPHONEOS_DEPLOYMENT_TARGET = 16.4;
				MTL_ENABLE_DEBUG_INFO = NO;
				MTL_FAST_MATH = YES;
				SDKROOT = iphoneos;
				SWIFT_COMPILATION_MODE = wholemodule;
				SWIFT_OPTIMIZATION_LEVEL = "-O";
				VALIDATE_PRODUCT = YES;
			};
			name = Release;
		};
		DE15640629D7637000C0DA1F /* Debug */ = {
			isa = XCBuildConfiguration;
			buildSettings = {
				ASSETCATALOG_COMPILER_APPICON_NAME = AppIcon;
				ASSETCATALOG_COMPILER_GLOBAL_ACCENT_COLOR_NAME = AccentColor;
				CODE_SIGN_STYLE = Automatic;
				CURRENT_PROJECT_VERSION = 1;
				DEVELOPMENT_TEAM = VZ7FNTQXT5;
				GENERATE_INFOPLIST_FILE = YES;
				INFOPLIST_FILE = "Pitch-Perfect-iOS13/Info.plist";
				INFOPLIST_KEY_UIApplicationSupportsIndirectInputEvents = YES;
				INFOPLIST_KEY_UILaunchStoryboardName = LaunchScreen;
				INFOPLIST_KEY_UIMainStoryboardFile = Main;
				INFOPLIST_KEY_UISupportedInterfaceOrientations_iPad = "UIInterfaceOrientationPortrait UIInterfaceOrientationPortraitUpsideDown UIInterfaceOrientationLandscapeLeft UIInterfaceOrientationLandscapeRight";
				INFOPLIST_KEY_UISupportedInterfaceOrientations_iPhone = "UIInterfaceOrientationPortrait UIInterfaceOrientationLandscapeLeft UIInterfaceOrientationLandscapeRight";
				LD_RUNPATH_SEARCH_PATHS = (
					"$(inherited)",
					"@executable_path/Frameworks",
				);
				MARKETING_VERSION = 1.0;
				PRODUCT_BUNDLE_IDENTIFIER = "com.oiboi.Pitch-Perfect-iOS13";
				PRODUCT_NAME = "$(TARGET_NAME)";
				SWIFT_EMIT_LOC_STRINGS = YES;
				SWIFT_VERSION = 5.0;
				TARGETED_DEVICE_FAMILY = "1,2";
			};
			name = Debug;
		};
		DE15640729D7637000C0DA1F /* Release */ = {
			isa = XCBuildConfiguration;
			buildSettings = {
				ASSETCATALOG_COMPILER_APPICON_NAME = AppIcon;
				ASSETCATALOG_COMPILER_GLOBAL_ACCENT_COLOR_NAME = AccentColor;
				CODE_SIGN_STYLE = Automatic;
				CURRENT_PROJECT_VERSION = 1;
				DEVELOPMENT_TEAM = VZ7FNTQXT5;
				GENERATE_INFOPLIST_FILE = YES;
				INFOPLIST_FILE = "Pitch-Perfect-iOS13/Info.plist";
				INFOPLIST_KEY_UIApplicationSupportsIndirectInputEvents = YES;
				INFOPLIST_KEY_UILaunchStoryboardName = LaunchScreen;
				INFOPLIST_KEY_UIMainStoryboardFile = Main;
				INFOPLIST_KEY_UISupportedInterfaceOrientations_iPad = "UIInterfaceOrientationPortrait UIInterfaceOrientationPortraitUpsideDown UIInterfaceOrientationLandscapeLeft UIInterfaceOrientationLandscapeRight";
				INFOPLIST_KEY_UISupportedInterfaceOrientations_iPhone = "UIInterfaceOrientationPortrait UIInterfaceOrientationLandscapeLeft UIInterfaceOrientationLandscapeRight";
				LD_RUNPATH_SEARCH_PATHS = (
					"$(inherited)",
					"@executable_path/Frameworks",
				);
				MARKETING_VERSION = 1.0;
				PRODUCT_BUNDLE_IDENTIFIER = "com.oiboi.Pitch-Perfect-iOS13";
				PRODUCT_NAME = "$(TARGET_NAME)";
				SWIFT_EMIT_LOC_STRINGS = YES;
				SWIFT_VERSION = 5.0;
				TARGETED_DEVICE_FAMILY = "1,2";
			};
			name = Release;
		};
/* End XCBuildConfiguration section */

/* Begin XCConfigurationList section */
		DE1563EC29D7636F00C0DA1F /* Build configuration list for PBXProject "Pitch-Perfect-iOS13" */ = {
			isa = XCConfigurationList;
			buildConfigurations = (
				DE15640329D7637000C0DA1F /* Debug */,
				DE15640429D7637000C0DA1F /* Release */,
			);
			defaultConfigurationIsVisible = 0;
			defaultConfigurationName = Release;
		};
		DE15640529D7637000C0DA1F /* Build configuration list for PBXNativeTarget "Pitch-Perfect-iOS13" */ = {
			isa = XCConfigurationList;
			buildConfigurations = (
				DE15640629D7637000C0DA1F /* Debug */,
				DE15640729D7637000C0DA1F /* Release */,
			);
			defaultConfigurationIsVisible = 0;
			defaultConfigurationName = Release;
		};
/* End XCConfigurationList section */
	};
	rootObject = DE1563E929D7636F00C0DA1F /* Project object */;
}
